// !$*UTF8*$!
{
	archiveVersion = 1;
	classes = {
	};
	objectVersion = 51;
	objects = {

/* Begin PBXBuildFile section */
		6D91514AA840D415B03E9790 /* Pods_GuidomiaTests.framework in Frameworks */ = {isa = PBXBuildFile; fileRef = 15747A9AC23C9FC1F78CFE8C /* Pods_GuidomiaTests.framework */; };
		A76737CD270CA1BA000239FA /* AppDelegate.swift in Sources */ = {isa = PBXBuildFile; fileRef = A76737CC270CA1BA000239FA /* AppDelegate.swift */; };
		A76737CF270CA1BA000239FA /* SceneDelegate.swift in Sources */ = {isa = PBXBuildFile; fileRef = A76737CE270CA1BA000239FA /* SceneDelegate.swift */; };
		A76737D4270CA1BA000239FA /* Main.storyboard in Resources */ = {isa = PBXBuildFile; fileRef = A76737D2270CA1BA000239FA /* Main.storyboard */; };
		A76737D7270CA1BA000239FA /* Guidomia.xcdatamodeld in Sources */ = {isa = PBXBuildFile; fileRef = A76737D5270CA1BA000239FA /* Guidomia.xcdatamodeld */; };
		A76737D9270CA1BB000239FA /* Assets.xcassets in Resources */ = {isa = PBXBuildFile; fileRef = A76737D8270CA1BB000239FA /* Assets.xcassets */; };
		A76737DC270CA1BB000239FA /* LaunchScreen.storyboard in Resources */ = {isa = PBXBuildFile; fileRef = A76737DA270CA1BB000239FA /* LaunchScreen.storyboard */; };
		A7673809270CA692000239FA /* Vehicle.swift in Sources */ = {isa = PBXBuildFile; fileRef = A7673808270CA692000239FA /* Vehicle.swift */; };
		A767380C270CA760000239FA /* VehiclesListingViewController.swift in Sources */ = {isa = PBXBuildFile; fileRef = A767380B270CA760000239FA /* VehiclesListingViewController.swift */; };
		A7673812270CB7C7000239FA /* UIView+Extension.swift in Sources */ = {isa = PBXBuildFile; fileRef = A7673811270CB7C7000239FA /* UIView+Extension.swift */; };
		A7673814270CB92B000239FA /* VehicleDescriptionHeaderView.swift in Sources */ = {isa = PBXBuildFile; fileRef = A7673813270CB92B000239FA /* VehicleDescriptionHeaderView.swift */; };
		A7673816270CB93A000239FA /* VehicleDescriptionHeaderView.xib in Resources */ = {isa = PBXBuildFile; fileRef = A7673815270CB93A000239FA /* VehicleDescriptionHeaderView.xib */; };
		A76EA665270DC20600D722BE /* VehicleProsConsTableViewCell.swift in Sources */ = {isa = PBXBuildFile; fileRef = A76EA663270DC20600D722BE /* VehicleProsConsTableViewCell.swift */; };
		A76EA666270DC20600D722BE /* VehicleProsConsTableViewCell.xib in Resources */ = {isa = PBXBuildFile; fileRef = A76EA664270DC20600D722BE /* VehicleProsConsTableViewCell.xib */; };
		A76EA668270DE7C000D722BE /* ProsConsView.xib in Resources */ = {isa = PBXBuildFile; fileRef = A76EA667270DE7C000D722BE /* ProsConsView.xib */; };
		A76EA66A270DE84900D722BE /* ProsConsView.swift in Sources */ = {isa = PBXBuildFile; fileRef = A76EA669270DE84900D722BE /* ProsConsView.swift */; };
		A7A12365270EB5CF002BEDCB /* CustomActionSheet.xib in Resources */ = {isa = PBXBuildFile; fileRef = A7A12364270EB5CF002BEDCB /* CustomActionSheet.xib */; };
		A7A12367270EB6E8002BEDCB /* CustomActionSheet.swift in Sources */ = {isa = PBXBuildFile; fileRef = A7A12366270EB6E8002BEDCB /* CustomActionSheet.swift */; };
		A7A1236D270EB88E002BEDCB /* ActionSheetTableViewCell.swift in Sources */ = {isa = PBXBuildFile; fileRef = A7A1236B270EB88E002BEDCB /* ActionSheetTableViewCell.swift */; };
		A7A1236E270EB88E002BEDCB /* ActionSheetTableViewCell.xib in Resources */ = {isa = PBXBuildFile; fileRef = A7A1236C270EB88E002BEDCB /* ActionSheetTableViewCell.xib */; };
		A7A12370270EDC18002BEDCB /* Bundle+Extension.swift in Sources */ = {isa = PBXBuildFile; fileRef = A7A1236F270EDC18002BEDCB /* Bundle+Extension.swift */; };
		A7B12C922710013600DE0D76 /* UITableView+Extension.swift in Sources */ = {isa = PBXBuildFile; fileRef = A7B12C912710013600DE0D76 /* UITableView+Extension.swift */; };
		A7B12C972710095300DE0D76 /* NavigationBarView.xib in Resources */ = {isa = PBXBuildFile; fileRef = A7B12C962710095300DE0D76 /* NavigationBarView.xib */; };
		A7B12C9B27100C2700DE0D76 /* NavigationBarView.swift in Sources */ = {isa = PBXBuildFile; fileRef = A7B12C9A27100C2700DE0D76 /* NavigationBarView.swift */; };
		A7B12C9E27100E7900DE0D76 /* BaseViewController.swift in Sources */ = {isa = PBXBuildFile; fileRef = A7B12C9D27100E7900DE0D76 /* BaseViewController.swift */; };
		A7B12CA12710449B00DE0D76 /* VehicleViewModelTests.swift in Sources */ = {isa = PBXBuildFile; fileRef = A7B12CA02710449B00DE0D76 /* VehicleViewModelTests.swift */; };
		A7B12CA32710616A00DE0D76 /* StringExtensionTests.swift in Sources */ = {isa = PBXBuildFile; fileRef = A7B12CA22710616A00DE0D76 /* StringExtensionTests.swift */; };
		A7B12CA5271062D500DE0D76 /* BundleExtensionTests.swift in Sources */ = {isa = PBXBuildFile; fileRef = A7B12CA4271062D500DE0D76 /* BundleExtensionTests.swift */; };
		A7B12CA72710635200DE0D76 /* VehicleDetailViewModelTests.swift in Sources */ = {isa = PBXBuildFile; fileRef = A7B12CA62710635200DE0D76 /* VehicleDetailViewModelTests.swift */; };
		A7E2E661270D534E00DEB77E /* SeparatorView.xib in Resources */ = {isa = PBXBuildFile; fileRef = A7E2E660270D534E00DEB77E /* SeparatorView.xib */; };
		A7E2E663270D54CA00DEB77E /* SeparatorView.swift in Sources */ = {isa = PBXBuildFile; fileRef = A7E2E662270D54CA00DEB77E /* SeparatorView.swift */; };
		A7E2E666270D642A00DEB77E /* VehicleListingViewModel.swift in Sources */ = {isa = PBXBuildFile; fileRef = A7E2E665270D642A00DEB77E /* VehicleListingViewModel.swift */; };
		A7E2E668270D6D4A00DEB77E /* String+Extension.swift in Sources */ = {isa = PBXBuildFile; fileRef = A7E2E667270D6D4A00DEB77E /* String+Extension.swift */; };
		A7E2E66D270D80F100DEB77E /* VehicleList.json in Resources */ = {isa = PBXBuildFile; fileRef = A7E2E66C270D80F100DEB77E /* VehicleList.json */; };
		A7E2E672270DA39B00DEB77E /* Constants.swift in Sources */ = {isa = PBXBuildFile; fileRef = A7E2E671270DA39B00DEB77E /* Constants.swift */; };
		AEAFFB7F4153546386B7B72F /* Pods_Guidomia.framework in Frameworks */ = {isa = PBXBuildFile; fileRef = F33A1AE9BF3703810C621EF9 /* Pods_Guidomia.framework */; };
/* End PBXBuildFile section */

/* Begin PBXContainerItemProxy section */
		A76737E3270CA1BB000239FA /* PBXContainerItemProxy */ = {
			isa = PBXContainerItemProxy;
			containerPortal = A76737C1270CA1BA000239FA /* Project object */;
			proxyType = 1;
			remoteGlobalIDString = A76737C8270CA1BA000239FA;
			remoteInfo = Guidomia;
		};
/* End PBXContainerItemProxy section */

/* Begin PBXFileReference section */
		15747A9AC23C9FC1F78CFE8C /* Pods_GuidomiaTests.framework */ = {isa = PBXFileReference; explicitFileType = wrapper.framework; includeInIndex = 0; path = Pods_GuidomiaTests.framework; sourceTree = BUILT_PRODUCTS_DIR; };
		1AAC696FAEF792C9A7BD5425 /* Pods-GuidomiaTests.debug.xcconfig */ = {isa = PBXFileReference; includeInIndex = 1; lastKnownFileType = text.xcconfig; name = "Pods-GuidomiaTests.debug.xcconfig"; path = "Target Support Files/Pods-GuidomiaTests/Pods-GuidomiaTests.debug.xcconfig"; sourceTree = "<group>"; };
		3998AC5F2DD7970913DE5474 /* Pods-Guidomia-GuidomiaUITests.release.xcconfig */ = {isa = PBXFileReference; includeInIndex = 1; lastKnownFileType = text.xcconfig; name = "Pods-Guidomia-GuidomiaUITests.release.xcconfig"; path = "Target Support Files/Pods-Guidomia-GuidomiaUITests/Pods-Guidomia-GuidomiaUITests.release.xcconfig"; sourceTree = "<group>"; };
		48055A3944676419EF1F1C99 /* Pods_Guidomia_GuidomiaUITests.framework */ = {isa = PBXFileReference; explicitFileType = wrapper.framework; includeInIndex = 0; path = Pods_Guidomia_GuidomiaUITests.framework; sourceTree = BUILT_PRODUCTS_DIR; };
		609519FF9CD72803D1829873 /* Pods-Guidomia.release.xcconfig */ = {isa = PBXFileReference; includeInIndex = 1; lastKnownFileType = text.xcconfig; name = "Pods-Guidomia.release.xcconfig"; path = "Target Support Files/Pods-Guidomia/Pods-Guidomia.release.xcconfig"; sourceTree = "<group>"; };
		9423E3DE0F5A3EDC12D72A87 /* Pods-GuidomiaTests.release.xcconfig */ = {isa = PBXFileReference; includeInIndex = 1; lastKnownFileType = text.xcconfig; name = "Pods-GuidomiaTests.release.xcconfig"; path = "Target Support Files/Pods-GuidomiaTests/Pods-GuidomiaTests.release.xcconfig"; sourceTree = "<group>"; };
		A76737C9270CA1BA000239FA /* Guidomia.app */ = {isa = PBXFileReference; explicitFileType = wrapper.application; includeInIndex = 0; path = Guidomia.app; sourceTree = BUILT_PRODUCTS_DIR; };
		A76737CC270CA1BA000239FA /* AppDelegate.swift */ = {isa = PBXFileReference; lastKnownFileType = sourcecode.swift; path = AppDelegate.swift; sourceTree = "<group>"; };
		A76737CE270CA1BA000239FA /* SceneDelegate.swift */ = {isa = PBXFileReference; lastKnownFileType = sourcecode.swift; path = SceneDelegate.swift; sourceTree = "<group>"; };
		A76737D3270CA1BA000239FA /* Base */ = {isa = PBXFileReference; lastKnownFileType = file.storyboard; name = Base; path = Base.lproj/Main.storyboard; sourceTree = "<group>"; };
		A76737D6270CA1BA000239FA /* Guidomia.xcdatamodel */ = {isa = PBXFileReference; lastKnownFileType = wrapper.xcdatamodel; path = Guidomia.xcdatamodel; sourceTree = "<group>"; };
		A76737D8270CA1BB000239FA /* Assets.xcassets */ = {isa = PBXFileReference; lastKnownFileType = folder.assetcatalog; path = Assets.xcassets; sourceTree = "<group>"; };
		A76737DB270CA1BB000239FA /* Base */ = {isa = PBXFileReference; lastKnownFileType = file.storyboard; name = Base; path = Base.lproj/LaunchScreen.storyboard; sourceTree = "<group>"; };
		A76737DD270CA1BB000239FA /* Info.plist */ = {isa = PBXFileReference; lastKnownFileType = text.plist.xml; path = Info.plist; sourceTree = "<group>"; };
		A76737E2270CA1BB000239FA /* GuidomiaTests.xctest */ = {isa = PBXFileReference; explicitFileType = wrapper.cfbundle; includeInIndex = 0; path = GuidomiaTests.xctest; sourceTree = BUILT_PRODUCTS_DIR; };
		A76737E8270CA1BB000239FA /* Info.plist */ = {isa = PBXFileReference; lastKnownFileType = text.plist.xml; path = Info.plist; sourceTree = "<group>"; };
		A7673808270CA692000239FA /* Vehicle.swift */ = {isa = PBXFileReference; lastKnownFileType = sourcecode.swift; path = Vehicle.swift; sourceTree = "<group>"; };
		A767380B270CA760000239FA /* VehiclesListingViewController.swift */ = {isa = PBXFileReference; lastKnownFileType = sourcecode.swift; path = VehiclesListingViewController.swift; sourceTree = "<group>"; };
		A7673811270CB7C7000239FA /* UIView+Extension.swift */ = {isa = PBXFileReference; lastKnownFileType = sourcecode.swift; path = "UIView+Extension.swift"; sourceTree = "<group>"; };
		A7673813270CB92B000239FA /* VehicleDescriptionHeaderView.swift */ = {isa = PBXFileReference; lastKnownFileType = sourcecode.swift; path = VehicleDescriptionHeaderView.swift; sourceTree = "<group>"; };
		A7673815270CB93A000239FA /* VehicleDescriptionHeaderView.xib */ = {isa = PBXFileReference; lastKnownFileType = file.xib; path = VehicleDescriptionHeaderView.xib; sourceTree = "<group>"; };
		A76EA663270DC20600D722BE /* VehicleProsConsTableViewCell.swift */ = {isa = PBXFileReference; lastKnownFileType = sourcecode.swift; path = VehicleProsConsTableViewCell.swift; sourceTree = "<group>"; };
		A76EA664270DC20600D722BE /* VehicleProsConsTableViewCell.xib */ = {isa = PBXFileReference; lastKnownFileType = file.xib; path = VehicleProsConsTableViewCell.xib; sourceTree = "<group>"; };
		A76EA667270DE7C000D722BE /* ProsConsView.xib */ = {isa = PBXFileReference; lastKnownFileType = file.xib; path = ProsConsView.xib; sourceTree = "<group>"; };
		A76EA669270DE84900D722BE /* ProsConsView.swift */ = {isa = PBXFileReference; lastKnownFileType = sourcecode.swift; path = ProsConsView.swift; sourceTree = "<group>"; };
		A7A12364270EB5CF002BEDCB /* CustomActionSheet.xib */ = {isa = PBXFileReference; lastKnownFileType = file.xib; path = CustomActionSheet.xib; sourceTree = "<group>"; };
		A7A12366270EB6E8002BEDCB /* CustomActionSheet.swift */ = {isa = PBXFileReference; lastKnownFileType = sourcecode.swift; path = CustomActionSheet.swift; sourceTree = "<group>"; };
		A7A1236B270EB88E002BEDCB /* ActionSheetTableViewCell.swift */ = {isa = PBXFileReference; lastKnownFileType = sourcecode.swift; path = ActionSheetTableViewCell.swift; sourceTree = "<group>"; };
		A7A1236C270EB88E002BEDCB /* ActionSheetTableViewCell.xib */ = {isa = PBXFileReference; lastKnownFileType = file.xib; path = ActionSheetTableViewCell.xib; sourceTree = "<group>"; };
		A7A1236F270EDC18002BEDCB /* Bundle+Extension.swift */ = {isa = PBXFileReference; lastKnownFileType = sourcecode.swift; path = "Bundle+Extension.swift"; sourceTree = "<group>"; };
		A7B12C912710013600DE0D76 /* UITableView+Extension.swift */ = {isa = PBXFileReference; lastKnownFileType = sourcecode.swift; path = "UITableView+Extension.swift"; sourceTree = "<group>"; };
		A7B12C962710095300DE0D76 /* NavigationBarView.xib */ = {isa = PBXFileReference; lastKnownFileType = file.xib; path = NavigationBarView.xib; sourceTree = "<group>"; };
		A7B12C9A27100C2700DE0D76 /* NavigationBarView.swift */ = {isa = PBXFileReference; lastKnownFileType = sourcecode.swift; path = NavigationBarView.swift; sourceTree = "<group>"; };
		A7B12C9D27100E7900DE0D76 /* BaseViewController.swift */ = {isa = PBXFileReference; lastKnownFileType = sourcecode.swift; path = BaseViewController.swift; sourceTree = "<group>"; };
		A7B12CA02710449B00DE0D76 /* VehicleViewModelTests.swift */ = {isa = PBXFileReference; lastKnownFileType = sourcecode.swift; path = VehicleViewModelTests.swift; sourceTree = "<group>"; };
		A7B12CA22710616A00DE0D76 /* StringExtensionTests.swift */ = {isa = PBXFileReference; lastKnownFileType = sourcecode.swift; path = StringExtensionTests.swift; sourceTree = "<group>"; };
		A7B12CA4271062D500DE0D76 /* BundleExtensionTests.swift */ = {isa = PBXFileReference; lastKnownFileType = sourcecode.swift; path = BundleExtensionTests.swift; sourceTree = "<group>"; };
		A7B12CA62710635200DE0D76 /* VehicleDetailViewModelTests.swift */ = {isa = PBXFileReference; lastKnownFileType = sourcecode.swift; path = VehicleDetailViewModelTests.swift; sourceTree = "<group>"; };
		A7E2E660270D534E00DEB77E /* SeparatorView.xib */ = {isa = PBXFileReference; lastKnownFileType = file.xib; path = SeparatorView.xib; sourceTree = "<group>"; };
		A7E2E662270D54CA00DEB77E /* SeparatorView.swift */ = {isa = PBXFileReference; lastKnownFileType = sourcecode.swift; path = SeparatorView.swift; sourceTree = "<group>"; };
		A7E2E665270D642A00DEB77E /* VehicleListingViewModel.swift */ = {isa = PBXFileReference; lastKnownFileType = sourcecode.swift; path = VehicleListingViewModel.swift; sourceTree = "<group>"; };
		A7E2E667270D6D4A00DEB77E /* String+Extension.swift */ = {isa = PBXFileReference; lastKnownFileType = sourcecode.swift; path = "String+Extension.swift"; sourceTree = "<group>"; };
		A7E2E66C270D80F100DEB77E /* VehicleList.json */ = {isa = PBXFileReference; lastKnownFileType = text.json; path = VehicleList.json; sourceTree = "<group>"; };
		A7E2E671270DA39B00DEB77E /* Constants.swift */ = {isa = PBXFileReference; lastKnownFileType = sourcecode.swift; path = Constants.swift; sourceTree = "<group>"; };
		B408E05B252A24D6B0100B66 /* Pods-Guidomia.debug.xcconfig */ = {isa = PBXFileReference; includeInIndex = 1; lastKnownFileType = text.xcconfig; name = "Pods-Guidomia.debug.xcconfig"; path = "Target Support Files/Pods-Guidomia/Pods-Guidomia.debug.xcconfig"; sourceTree = "<group>"; };
		C82198AEE2FD192095BBF66E /* Pods-Guidomia-GuidomiaUITests.debug.xcconfig */ = {isa = PBXFileReference; includeInIndex = 1; lastKnownFileType = text.xcconfig; name = "Pods-Guidomia-GuidomiaUITests.debug.xcconfig"; path = "Target Support Files/Pods-Guidomia-GuidomiaUITests/Pods-Guidomia-GuidomiaUITests.debug.xcconfig"; sourceTree = "<group>"; };
		F33A1AE9BF3703810C621EF9 /* Pods_Guidomia.framework */ = {isa = PBXFileReference; explicitFileType = wrapper.framework; includeInIndex = 0; path = Pods_Guidomia.framework; sourceTree = BUILT_PRODUCTS_DIR; };
/* End PBXFileReference section */

/* Begin PBXFrameworksBuildPhase section */
		A76737C6270CA1BA000239FA /* Frameworks */ = {
			isa = PBXFrameworksBuildPhase;
			buildActionMask = 2147483647;
			files = (
				AEAFFB7F4153546386B7B72F /* Pods_Guidomia.framework in Frameworks */,
			);
			runOnlyForDeploymentPostprocessing = 0;
		};
		A76737DF270CA1BB000239FA /* Frameworks */ = {
			isa = PBXFrameworksBuildPhase;
			buildActionMask = 2147483647;
			files = (
				6D91514AA840D415B03E9790 /* Pods_GuidomiaTests.framework in Frameworks */,
			);
			runOnlyForDeploymentPostprocessing = 0;
		};
/* End PBXFrameworksBuildPhase section */

/* Begin PBXGroup section */
		85CD84270F390054CDA34003 /* Pods */ = {
			isa = PBXGroup;
			children = (
				B408E05B252A24D6B0100B66 /* Pods-Guidomia.debug.xcconfig */,
				609519FF9CD72803D1829873 /* Pods-Guidomia.release.xcconfig */,
				C82198AEE2FD192095BBF66E /* Pods-Guidomia-GuidomiaUITests.debug.xcconfig */,
				3998AC5F2DD7970913DE5474 /* Pods-Guidomia-GuidomiaUITests.release.xcconfig */,
				1AAC696FAEF792C9A7BD5425 /* Pods-GuidomiaTests.debug.xcconfig */,
				9423E3DE0F5A3EDC12D72A87 /* Pods-GuidomiaTests.release.xcconfig */,
			);
			path = Pods;
			sourceTree = "<group>";
		};
		A76737C0270CA1BA000239FA = {
			isa = PBXGroup;
			children = (
				A76737CB270CA1BA000239FA /* Guidomia */,
				A76737E5270CA1BB000239FA /* GuidomiaTests */,
				A76737CA270CA1BA000239FA /* Products */,
				85CD84270F390054CDA34003 /* Pods */,
				BABCA09B07FB1692237EA9B7 /* Frameworks */,
			);
			sourceTree = "<group>";
		};
		A76737CA270CA1BA000239FA /* Products */ = {
			isa = PBXGroup;
			children = (
				A76737C9270CA1BA000239FA /* Guidomia.app */,
				A76737E2270CA1BB000239FA /* GuidomiaTests.xctest */,
			);
			name = Products;
			sourceTree = "<group>";
		};
		A76737CB270CA1BA000239FA /* Guidomia */ = {
			isa = PBXGroup;
			children = (
				A76737FF270CA50F000239FA /* Modules */,
				A7673804270CA5F6000239FA /* Resources */,
				A767380F270CB7A9000239FA /* Common */,
				A76737CC270CA1BA000239FA /* AppDelegate.swift */,
				A76737CE270CA1BA000239FA /* SceneDelegate.swift */,
				A76737D2270CA1BA000239FA /* Main.storyboard */,
				A76737DA270CA1BB000239FA /* LaunchScreen.storyboard */,
				A76737DD270CA1BB000239FA /* Info.plist */,
				A76737D5270CA1BA000239FA /* Guidomia.xcdatamodeld */,
			);
			path = Guidomia;
			sourceTree = "<group>";
		};
		A76737E5270CA1BB000239FA /* GuidomiaTests */ = {
			isa = PBXGroup;
			children = (
				A76737E8270CA1BB000239FA /* Info.plist */,
				A7B12CA02710449B00DE0D76 /* VehicleViewModelTests.swift */,
				A7B12CA22710616A00DE0D76 /* StringExtensionTests.swift */,
				A7B12CA4271062D500DE0D76 /* BundleExtensionTests.swift */,
				A7B12CA62710635200DE0D76 /* VehicleDetailViewModelTests.swift */,
			);
			path = GuidomiaTests;
			sourceTree = "<group>";
		};
		A76737FF270CA50F000239FA /* Modules */ = {
			isa = PBXGroup;
			children = (
				A7B12C9D27100E7900DE0D76 /* BaseViewController.swift */,
				A7673800270CA517000239FA /* Home */,
			);
			path = Modules;
			sourceTree = "<group>";
		};
		A7673800270CA517000239FA /* Home */ = {
			isa = PBXGroup;
			children = (
				A7673807270CA680000239FA /* Model */,
				A767380E270CB504000239FA /* View */,
				A767380A270CA733000239FA /* Controller */,
				A7E2E664270D641200DEB77E /* ViewModel */,
			);
			path = Home;
			sourceTree = "<group>";
		};
		A7673804270CA5F6000239FA /* Resources */ = {
			isa = PBXGroup;
			children = (
				A7E2E66B270D808800DEB77E /* Json */,
				A76737D8270CA1BB000239FA /* Assets.xcassets */,
			);
			path = Resources;
			sourceTree = "<group>";
		};
		A7673807270CA680000239FA /* Model */ = {
			isa = PBXGroup;
			children = (
				A7673808270CA692000239FA /* Vehicle.swift */,
			);
			path = Model;
			sourceTree = "<group>";
		};
		A767380A270CA733000239FA /* Controller */ = {
			isa = PBXGroup;
			children = (
				A767380B270CA760000239FA /* VehiclesListingViewController.swift */,
			);
			path = Controller;
			sourceTree = "<group>";
		};
		A767380E270CB504000239FA /* View */ = {
			isa = PBXGroup;
			children = (
				A7B12C9F2710354B00DE0D76 /* SubView */,
				A76EA660270DC1C200D722BE /* TableViewCell */,
			);
			path = View;
			sourceTree = "<group>";
		};
		A767380F270CB7A9000239FA /* Common */ = {
			isa = PBXGroup;
			children = (
				A7A12369270EB855002BEDCB /* CustomView */,
				A7E2E670270DA38E00DEB77E /* Constants */,
				A7673810270CB7B5000239FA /* Extension */,
			);
			path = Common;
			sourceTree = "<group>";
		};
		A7673810270CB7B5000239FA /* Extension */ = {
			isa = PBXGroup;
			children = (
				A7673811270CB7C7000239FA /* UIView+Extension.swift */,
				A7E2E667270D6D4A00DEB77E /* String+Extension.swift */,
				A7A1236F270EDC18002BEDCB /* Bundle+Extension.swift */,
				A7B12C912710013600DE0D76 /* UITableView+Extension.swift */,
			);
			path = Extension;
			sourceTree = "<group>";
		};
		A76EA660270DC1C200D722BE /* TableViewCell */ = {
			isa = PBXGroup;
			children = (
				A76EA663270DC20600D722BE /* VehicleProsConsTableViewCell.swift */,
				A76EA664270DC20600D722BE /* VehicleProsConsTableViewCell.xib */,
			);
			path = TableViewCell;
			sourceTree = "<group>";
		};
		A7A12369270EB855002BEDCB /* CustomView */ = {
			isa = PBXGroup;
			children = (
				A7B12C952710093100DE0D76 /* NavigationBar */,
				A7A1236A270EB862002BEDCB /* CustomActionSheet */,
			);
			path = CustomView;
			sourceTree = "<group>";
		};
		A7A1236A270EB862002BEDCB /* CustomActionSheet */ = {
			isa = PBXGroup;
			children = (
				A7A12364270EB5CF002BEDCB /* CustomActionSheet.xib */,
				A7A12366270EB6E8002BEDCB /* CustomActionSheet.swift */,
				A7A1236B270EB88E002BEDCB /* ActionSheetTableViewCell.swift */,
				A7A1236C270EB88E002BEDCB /* ActionSheetTableViewCell.xib */,
			);
			path = CustomActionSheet;
			sourceTree = "<group>";
		};
		A7B12C952710093100DE0D76 /* NavigationBar */ = {
			isa = PBXGroup;
			children = (
				A7B12C962710095300DE0D76 /* NavigationBarView.xib */,
				A7B12C9A27100C2700DE0D76 /* NavigationBarView.swift */,
			);
			path = NavigationBar;
			sourceTree = "<group>";
		};
		A7B12C9F2710354B00DE0D76 /* SubView */ = {
			isa = PBXGroup;
			children = (
				A7673813270CB92B000239FA /* VehicleDescriptionHeaderView.swift */,
				A7673815270CB93A000239FA /* VehicleDescriptionHeaderView.xib */,
				A7E2E660270D534E00DEB77E /* SeparatorView.xib */,
				A7E2E662270D54CA00DEB77E /* SeparatorView.swift */,
				A76EA667270DE7C000D722BE /* ProsConsView.xib */,
				A76EA669270DE84900D722BE /* ProsConsView.swift */,
			);
			path = SubView;
			sourceTree = "<group>";
		};
		A7E2E664270D641200DEB77E /* ViewModel */ = {
			isa = PBXGroup;
			children = (
				A7E2E665270D642A00DEB77E /* VehicleListingViewModel.swift */,
			);
			path = ViewModel;
			sourceTree = "<group>";
		};
		A7E2E66B270D808800DEB77E /* Json */ = {
			isa = PBXGroup;
			children = (
				A7E2E66C270D80F100DEB77E /* VehicleList.json */,
			);
			path = Json;
			sourceTree = "<group>";
		};
		A7E2E670270DA38E00DEB77E /* Constants */ = {
			isa = PBXGroup;
			children = (
				A7E2E671270DA39B00DEB77E /* Constants.swift */,
			);
			path = Constants;
			sourceTree = "<group>";
		};
		BABCA09B07FB1692237EA9B7 /* Frameworks */ = {
			isa = PBXGroup;
			children = (
				F33A1AE9BF3703810C621EF9 /* Pods_Guidomia.framework */,
				48055A3944676419EF1F1C99 /* Pods_Guidomia_GuidomiaUITests.framework */,
				15747A9AC23C9FC1F78CFE8C /* Pods_GuidomiaTests.framework */,
			);
			name = Frameworks;
			sourceTree = "<group>";
		};
/* End PBXGroup section */

/* Begin PBXNativeTarget section */
		A76737C8270CA1BA000239FA /* Guidomia */ = {
			isa = PBXNativeTarget;
			buildConfigurationList = A76737F6270CA1BB000239FA /* Build configuration list for PBXNativeTarget "Guidomia" */;
			buildPhases = (
				422923392E48DFA907390838 /* [CP] Check Pods Manifest.lock */,
				A76737C5270CA1BA000239FA /* Sources */,
				A76737C6270CA1BA000239FA /* Frameworks */,
				A76737C7270CA1BA000239FA /* Resources */,
				0DB59C3A4E5AD0030AFF9EDB /* [CP] Embed Pods Frameworks */,
			);
			buildRules = (
			);
			dependencies = (
			);
			name = Guidomia;
			productName = Guidomia;
			productReference = A76737C9270CA1BA000239FA /* Guidomia.app */;
			productType = "com.apple.product-type.application";
		};
		A76737E1270CA1BB000239FA /* GuidomiaTests */ = {
			isa = PBXNativeTarget;
			buildConfigurationList = A76737F9270CA1BB000239FA /* Build configuration list for PBXNativeTarget "GuidomiaTests" */;
			buildPhases = (
				0D3FA0BA30B194F7DF099D87 /* [CP] Check Pods Manifest.lock */,
				A76737DE270CA1BB000239FA /* Sources */,
				A76737DF270CA1BB000239FA /* Frameworks */,
				A76737E0270CA1BB000239FA /* Resources */,
			);
			buildRules = (
			);
			dependencies = (
				A76737E4270CA1BB000239FA /* PBXTargetDependency */,
			);
			name = GuidomiaTests;
			productName = GuidomiaTests;
			productReference = A76737E2270CA1BB000239FA /* GuidomiaTests.xctest */;
			productType = "com.apple.product-type.bundle.unit-test";
		};
/* End PBXNativeTarget section */

/* Begin PBXProject section */
		A76737C1270CA1BA000239FA /* Project object */ = {
			isa = PBXProject;
			attributes = {
				LastSwiftUpdateCheck = 1250;
				LastUpgradeCheck = 1250;
				TargetAttributes = {
					A76737C8270CA1BA000239FA = {
						CreatedOnToolsVersion = 12.5.1;
					};
					A76737E1270CA1BB000239FA = {
						CreatedOnToolsVersion = 12.5.1;
						TestTargetID = A76737C8270CA1BA000239FA;
					};
				};
			};
			buildConfigurationList = A76737C4270CA1BA000239FA /* Build configuration list for PBXProject "Guidomia" */;
			compatibilityVersion = "Xcode 9.3";
			developmentRegion = en;
			hasScannedForEncodings = 0;
			knownRegions = (
				en,
				Base,
			);
			mainGroup = A76737C0270CA1BA000239FA;
			productRefGroup = A76737CA270CA1BA000239FA /* Products */;
			projectDirPath = "";
			projectRoot = "";
			targets = (
				A76737C8270CA1BA000239FA /* Guidomia */,
				A76737E1270CA1BB000239FA /* GuidomiaTests */,
			);
		};
/* End PBXProject section */

/* Begin PBXResourcesBuildPhase section */
		A76737C7270CA1BA000239FA /* Resources */ = {
			isa = PBXResourcesBuildPhase;
			buildActionMask = 2147483647;
			files = (
				A7673816270CB93A000239FA /* VehicleDescriptionHeaderView.xib in Resources */,
				A7E2E661270D534E00DEB77E /* SeparatorView.xib in Resources */,
				A76EA666270DC20600D722BE /* VehicleProsConsTableViewCell.xib in Resources */,
				A7A1236E270EB88E002BEDCB /* ActionSheetTableViewCell.xib in Resources */,
				A76737DC270CA1BB000239FA /* LaunchScreen.storyboard in Resources */,
				A7A12365270EB5CF002BEDCB /* CustomActionSheet.xib in Resources */,
				A76EA668270DE7C000D722BE /* ProsConsView.xib in Resources */,
				A76737D9270CA1BB000239FA /* Assets.xcassets in Resources */,
				A7B12C972710095300DE0D76 /* NavigationBarView.xib in Resources */,
				A7E2E66D270D80F100DEB77E /* VehicleList.json in Resources */,
				A76737D4270CA1BA000239FA /* Main.storyboard in Resources */,
			);
			runOnlyForDeploymentPostprocessing = 0;
		};
		A76737E0270CA1BB000239FA /* Resources */ = {
			isa = PBXResourcesBuildPhase;
			buildActionMask = 2147483647;
			files = (
			);
			runOnlyForDeploymentPostprocessing = 0;
		};
/* End PBXResourcesBuildPhase section */

/* Begin PBXShellScriptBuildPhase section */
		0D3FA0BA30B194F7DF099D87 /* [CP] Check Pods Manifest.lock */ = {
			isa = PBXShellScriptBuildPhase;
			buildActionMask = 2147483647;
			files = (
			);
			inputFileListPaths = (
			);
			inputPaths = (
				"${PODS_PODFILE_DIR_PATH}/Podfile.lock",
				"${PODS_ROOT}/Manifest.lock",
			);
			name = "[CP] Check Pods Manifest.lock";
			outputFileListPaths = (
			);
			outputPaths = (
				"$(DERIVED_FILE_DIR)/Pods-GuidomiaTests-checkManifestLockResult.txt",
			);
			runOnlyForDeploymentPostprocessing = 0;
			shellPath = /bin/sh;
			shellScript = "diff \"${PODS_PODFILE_DIR_PATH}/Podfile.lock\" \"${PODS_ROOT}/Manifest.lock\" > /dev/null\nif [ $? != 0 ] ; then\n    # print error to STDERR\n    echo \"error: The sandbox is not in sync with the Podfile.lock. Run 'pod install' or update your CocoaPods installation.\" >&2\n    exit 1\nfi\n# This output is used by Xcode 'outputs' to avoid re-running this script phase.\necho \"SUCCESS\" > \"${SCRIPT_OUTPUT_FILE_0}\"\n";
			showEnvVarsInLog = 0;
		};
		0DB59C3A4E5AD0030AFF9EDB /* [CP] Embed Pods Frameworks */ = {
			isa = PBXShellScriptBuildPhase;
			buildActionMask = 2147483647;
			files = (
			);
			inputFileListPaths = (
				"${PODS_ROOT}/Target Support Files/Pods-Guidomia/Pods-Guidomia-frameworks-${CONFIGURATION}-input-files.xcfilelist",
			);
			name = "[CP] Embed Pods Frameworks";
			outputFileListPaths = (
				"${PODS_ROOT}/Target Support Files/Pods-Guidomia/Pods-Guidomia-frameworks-${CONFIGURATION}-output-files.xcfilelist",
			);
			runOnlyForDeploymentPostprocessing = 0;
			shellPath = /bin/sh;
			shellScript = "\"${PODS_ROOT}/Target Support Files/Pods-Guidomia/Pods-Guidomia-frameworks.sh\"\n";
			showEnvVarsInLog = 0;
		};
		422923392E48DFA907390838 /* [CP] Check Pods Manifest.lock */ = {
			isa = PBXShellScriptBuildPhase;
			buildActionMask = 2147483647;
			files = (
			);
			inputFileListPaths = (
			);
			inputPaths = (
				"${PODS_PODFILE_DIR_PATH}/Podfile.lock",
				"${PODS_ROOT}/Manifest.lock",
			);
			name = "[CP] Check Pods Manifest.lock";
			outputFileListPaths = (
			);
			outputPaths = (
				"$(DERIVED_FILE_DIR)/Pods-Guidomia-checkManifestLockResult.txt",
			);
			runOnlyForDeploymentPostprocessing = 0;
			shellPath = /bin/sh;
			shellScript = "diff \"${PODS_PODFILE_DIR_PATH}/Podfile.lock\" \"${PODS_ROOT}/Manifest.lock\" > /dev/null\nif [ $? != 0 ] ; then\n    # print error to STDERR\n    echo \"error: The sandbox is not in sync with the Podfile.lock. Run 'pod install' or update your CocoaPods installation.\" >&2\n    exit 1\nfi\n# This output is used by Xcode 'outputs' to avoid re-running this script phase.\necho \"SUCCESS\" > \"${SCRIPT_OUTPUT_FILE_0}\"\n";
			showEnvVarsInLog = 0;
		};
/* End PBXShellScriptBuildPhase section */

/* Begin PBXSourcesBuildPhase section */
		A76737C5270CA1BA000239FA /* Sources */ = {
			isa = PBXSourcesBuildPhase;
			buildActionMask = 2147483647;
			files = (
				A7673812270CB7C7000239FA /* UIView+Extension.swift in Sources */,
				A7E2E672270DA39B00DEB77E /* Constants.swift in Sources */,
				A76737D7270CA1BA000239FA /* Guidomia.xcdatamodeld in Sources */,
				A7A12370270EDC18002BEDCB /* Bundle+Extension.swift in Sources */,
				A7E2E663270D54CA00DEB77E /* SeparatorView.swift in Sources */,
				A7B12C9E27100E7900DE0D76 /* BaseViewController.swift in Sources */,
				A767380C270CA760000239FA /* VehiclesListingViewController.swift in Sources */,
				A76737CD270CA1BA000239FA /* AppDelegate.swift in Sources */,
				A7A1236D270EB88E002BEDCB /* ActionSheetTableViewCell.swift in Sources */,
				A76EA66A270DE84900D722BE /* ProsConsView.swift in Sources */,
				A7673809270CA692000239FA /* Vehicle.swift in Sources */,
				A7A12367270EB6E8002BEDCB /* CustomActionSheet.swift in Sources */,
				A7B12C922710013600DE0D76 /* UITableView+Extension.swift in Sources */,
				A7673814270CB92B000239FA /* VehicleDescriptionHeaderView.swift in Sources */,
				A76737CF270CA1BA000239FA /* SceneDelegate.swift in Sources */,
				A7E2E668270D6D4A00DEB77E /* String+Extension.swift in Sources */,
				A7E2E666270D642A00DEB77E /* VehicleListingViewModel.swift in Sources */,
				A76EA665270DC20600D722BE /* VehicleProsConsTableViewCell.swift in Sources */,
				A7B12C9B27100C2700DE0D76 /* NavigationBarView.swift in Sources */,
			);
			runOnlyForDeploymentPostprocessing = 0;
		};
		A76737DE270CA1BB000239FA /* Sources */ = {
			isa = PBXSourcesBuildPhase;
			buildActionMask = 2147483647;
			files = (
				A7B12CA5271062D500DE0D76 /* BundleExtensionTests.swift in Sources */,
				A7B12CA32710616A00DE0D76 /* StringExtensionTests.swift in Sources */,
				A7B12CA72710635200DE0D76 /* VehicleDetailViewModelTests.swift in Sources */,
				A7B12CA12710449B00DE0D76 /* VehicleViewModelTests.swift in Sources */,
			);
			runOnlyForDeploymentPostprocessing = 0;
		};
/* End PBXSourcesBuildPhase section */

/* Begin PBXTargetDependency section */
		A76737E4270CA1BB000239FA /* PBXTargetDependency */ = {
			isa = PBXTargetDependency;
			target = A76737C8270CA1BA000239FA /* Guidomia */;
			targetProxy = A76737E3270CA1BB000239FA /* PBXContainerItemProxy */;
		};
/* End PBXTargetDependency section */

/* Begin PBXVariantGroup section */
		A76737D2270CA1BA000239FA /* Main.storyboard */ = {
			isa = PBXVariantGroup;
			children = (
				A76737D3270CA1BA000239FA /* Base */,
			);
			name = Main.storyboard;
			sourceTree = "<group>";
		};
		A76737DA270CA1BB000239FA /* LaunchScreen.storyboard */ = {
			isa = PBXVariantGroup;
			children = (
				A76737DB270CA1BB000239FA /* Base */,
			);
			name = LaunchScreen.storyboard;
			sourceTree = "<group>";
		};
/* End PBXVariantGroup section */

/* Begin XCBuildConfiguration section */
		A76737F4270CA1BB000239FA /* Debug */ = {
			isa = XCBuildConfiguration;
			buildSettings = {
				ALWAYS_SEARCH_USER_PATHS = NO;
				CLANG_ANALYZER_NONNULL = YES;
				CLANG_ANALYZER_NUMBER_OBJECT_CONVERSION = YES_AGGRESSIVE;
				CLANG_CXX_LANGUAGE_STANDARD = "gnu++14";
				CLANG_CXX_LIBRARY = "libc++";
				CLANG_ENABLE_MODULES = YES;
				CLANG_ENABLE_OBJC_ARC = YES;
				CLANG_ENABLE_OBJC_WEAK = YES;
				CLANG_WARN_BLOCK_CAPTURE_AUTORELEASING = YES;
				CLANG_WARN_BOOL_CONVERSION = YES;
				CLANG_WARN_COMMA = YES;
				CLANG_WARN_CONSTANT_CONVERSION = YES;
				CLANG_WARN_DEPRECATED_OBJC_IMPLEMENTATIONS = YES;
				CLANG_WARN_DIRECT_OBJC_ISA_USAGE = YES_ERROR;
				CLANG_WARN_DOCUMENTATION_COMMENTS = YES;
				CLANG_WARN_EMPTY_BODY = YES;
				CLANG_WARN_ENUM_CONVERSION = YES;
				CLANG_WARN_INFINITE_RECURSION = YES;
				CLANG_WARN_INT_CONVERSION = YES;
				CLANG_WARN_NON_LITERAL_NULL_CONVERSION = YES;
				CLANG_WARN_OBJC_IMPLICIT_RETAIN_SELF = YES;
				CLANG_WARN_OBJC_LITERAL_CONVERSION = YES;
				CLANG_WARN_OBJC_ROOT_CLASS = YES_ERROR;
				CLANG_WARN_QUOTED_INCLUDE_IN_FRAMEWORK_HEADER = YES;
				CLANG_WARN_RANGE_LOOP_ANALYSIS = YES;
				CLANG_WARN_STRICT_PROTOTYPES = YES;
				CLANG_WARN_SUSPICIOUS_MOVE = YES;
				CLANG_WARN_UNGUARDED_AVAILABILITY = YES_AGGRESSIVE;
				CLANG_WARN_UNREACHABLE_CODE = YES;
				CLANG_WARN__DUPLICATE_METHOD_MATCH = YES;
				COPY_PHASE_STRIP = NO;
				DEBUG_INFORMATION_FORMAT = dwarf;
				ENABLE_STRICT_OBJC_MSGSEND = YES;
				ENABLE_TESTABILITY = YES;
				GCC_C_LANGUAGE_STANDARD = gnu11;
				GCC_DYNAMIC_NO_PIC = NO;
				GCC_NO_COMMON_BLOCKS = YES;
				GCC_OPTIMIZATION_LEVEL = 0;
				GCC_PREPROCESSOR_DEFINITIONS = (
					"DEBUG=1",
					"$(inherited)",
				);
				GCC_WARN_64_TO_32_BIT_CONVERSION = YES;
				GCC_WARN_ABOUT_RETURN_TYPE = YES_ERROR;
				GCC_WARN_UNDECLARED_SELECTOR = YES;
				GCC_WARN_UNINITIALIZED_AUTOS = YES_AGGRESSIVE;
				GCC_WARN_UNUSED_FUNCTION = YES;
				GCC_WARN_UNUSED_VARIABLE = YES;
				IPHONEOS_DEPLOYMENT_TARGET = 13.0;
				MTL_ENABLE_DEBUG_INFO = INCLUDE_SOURCE;
				MTL_FAST_MATH = YES;
				ONLY_ACTIVE_ARCH = YES;
				SDKROOT = iphoneos;
				SWIFT_ACTIVE_COMPILATION_CONDITIONS = DEBUG;
				SWIFT_OPTIMIZATION_LEVEL = "-Onone";
			};
			name = Debug;
		};
		A76737F5270CA1BB000239FA /* Release */ = {
			isa = XCBuildConfiguration;
			buildSettings = {
				ALWAYS_SEARCH_USER_PATHS = NO;
				CLANG_ANALYZER_NONNULL = YES;
				CLANG_ANALYZER_NUMBER_OBJECT_CONVERSION = YES_AGGRESSIVE;
				CLANG_CXX_LANGUAGE_STANDARD = "gnu++14";
				CLANG_CXX_LIBRARY = "libc++";
				CLANG_ENABLE_MODULES = YES;
				CLANG_ENABLE_OBJC_ARC = YES;
				CLANG_ENABLE_OBJC_WEAK = YES;
				CLANG_WARN_BLOCK_CAPTURE_AUTORELEASING = YES;
				CLANG_WARN_BOOL_CONVERSION = YES;
				CLANG_WARN_COMMA = YES;
				CLANG_WARN_CONSTANT_CONVERSION = YES;
				CLANG_WARN_DEPRECATED_OBJC_IMPLEMENTATIONS = YES;
				CLANG_WARN_DIRECT_OBJC_ISA_USAGE = YES_ERROR;
				CLANG_WARN_DOCUMENTATION_COMMENTS = YES;
				CLANG_WARN_EMPTY_BODY = YES;
				CLANG_WARN_ENUM_CONVERSION = YES;
				CLANG_WARN_INFINITE_RECURSION = YES;
				CLANG_WARN_INT_CONVERSION = YES;
				CLANG_WARN_NON_LITERAL_NULL_CONVERSION = YES;
				CLANG_WARN_OBJC_IMPLICIT_RETAIN_SELF = YES;
				CLANG_WARN_OBJC_LITERAL_CONVERSION = YES;
				CLANG_WARN_OBJC_ROOT_CLASS = YES_ERROR;
				CLANG_WARN_QUOTED_INCLUDE_IN_FRAMEWORK_HEADER = YES;
				CLANG_WARN_RANGE_LOOP_ANALYSIS = YES;
				CLANG_WARN_STRICT_PROTOTYPES = YES;
				CLANG_WARN_SUSPICIOUS_MOVE = YES;
				CLANG_WARN_UNGUARDED_AVAILABILITY = YES_AGGRESSIVE;
				CLANG_WARN_UNREACHABLE_CODE = YES;
				CLANG_WARN__DUPLICATE_METHOD_MATCH = YES;
				COPY_PHASE_STRIP = NO;
				DEBUG_INFORMATION_FORMAT = "dwarf-with-dsym";
				ENABLE_NS_ASSERTIONS = NO;
				ENABLE_STRICT_OBJC_MSGSEND = YES;
				GCC_C_LANGUAGE_STANDARD = gnu11;
				GCC_NO_COMMON_BLOCKS = YES;
				GCC_WARN_64_TO_32_BIT_CONVERSION = YES;
				GCC_WARN_ABOUT_RETURN_TYPE = YES_ERROR;
				GCC_WARN_UNDECLARED_SELECTOR = YES;
				GCC_WARN_UNINITIALIZED_AUTOS = YES_AGGRESSIVE;
				GCC_WARN_UNUSED_FUNCTION = YES;
				GCC_WARN_UNUSED_VARIABLE = YES;
				IPHONEOS_DEPLOYMENT_TARGET = 13.0;
				MTL_ENABLE_DEBUG_INFO = NO;
				MTL_FAST_MATH = YES;
				SDKROOT = iphoneos;
				SWIFT_COMPILATION_MODE = wholemodule;
				SWIFT_OPTIMIZATION_LEVEL = "-O";
				VALIDATE_PRODUCT = YES;
			};
			name = Release;
		};
		A76737F7270CA1BB000239FA /* Debug */ = {
			isa = XCBuildConfiguration;
			baseConfigurationReference = B408E05B252A24D6B0100B66 /* Pods-Guidomia.debug.xcconfig */;
			buildSettings = {
				ASSETCATALOG_COMPILER_APPICON_NAME = AppIcon;
				ASSETCATALOG_COMPILER_GLOBAL_ACCENT_COLOR_NAME = AccentColor;
				CODE_SIGN_STYLE = Automatic;
				INFOPLIST_FILE = Guidomia/Info.plist;
				IPHONEOS_DEPLOYMENT_TARGET = 13.0;
				LD_RUNPATH_SEARCH_PATHS = (
					"$(inherited)",
					"@executable_path/Frameworks",
				);
				PRODUCT_BUNDLE_IDENTIFIER = com.Guidomia;
				PRODUCT_NAME = "$(TARGET_NAME)";
				SWIFT_VERSION = 5.0;
				TARGETED_DEVICE_FAMILY = 1;
			};
			name = Debug;
		};
		A76737F8270CA1BB000239FA /* Release */ = {
			isa = XCBuildConfiguration;
			baseConfigurationReference = 609519FF9CD72803D1829873 /* Pods-Guidomia.release.xcconfig */;
			buildSettings = {
				ASSETCATALOG_COMPILER_APPICON_NAME = AppIcon;
				ASSETCATALOG_COMPILER_GLOBAL_ACCENT_COLOR_NAME = AccentColor;
				CODE_SIGN_STYLE = Automatic;
				INFOPLIST_FILE = Guidomia/Info.plist;
				IPHONEOS_DEPLOYMENT_TARGET = 13.0;
				LD_RUNPATH_SEARCH_PATHS = (
					"$(inherited)",
					"@executable_path/Frameworks",
				);
				PRODUCT_BUNDLE_IDENTIFIER = com.Guidomia;
				PRODUCT_NAME = "$(TARGET_NAME)";
				SWIFT_VERSION = 5.0;
				TARGETED_DEVICE_FAMILY = 1;
			};
			name = Release;
		};
		A76737FA270CA1BB000239FA /* Debug */ = {
			isa = XCBuildConfiguration;
			baseConfigurationReference = 1AAC696FAEF792C9A7BD5425 /* Pods-GuidomiaTests.debug.xcconfig */;
			buildSettings = {
				ALWAYS_EMBED_SWIFT_STANDARD_LIBRARIES = YES;
				BUNDLE_LOADER = "$(TEST_HOST)";
				CODE_SIGN_STYLE = Automatic;
				INFOPLIST_FILE = GuidomiaTests/Info.plist;
				IPHONEOS_DEPLOYMENT_TARGET = 14.5;
				LD_RUNPATH_SEARCH_PATHS = (
					"$(inherited)",
					"@executable_path/Frameworks",
					"@loader_path/Frameworks",
				);
				PRODUCT_BUNDLE_IDENTIFIER = com.GuidomiaTests;
				PRODUCT_NAME = "$(TARGET_NAME)";
				SWIFT_VERSION = 5.0;
				TARGETED_DEVICE_FAMILY = "1,2";
				TEST_HOST = "$(BUILT_PRODUCTS_DIR)/Guidomia.app/Guidomia";
			};
			name = Debug;
		};
		A76737FB270CA1BB000239FA /* Release */ = {
			isa = XCBuildConfiguration;
			baseConfigurationReference = 9423E3DE0F5A3EDC12D72A87 /* Pods-GuidomiaTests.release.xcconfig */;
			buildSettings = {
				ALWAYS_EMBED_SWIFT_STANDARD_LIBRARIES = YES;
				BUNDLE_LOADER = "$(TEST_HOST)";
				CODE_SIGN_STYLE = Automatic;
				INFOPLIST_FILE = GuidomiaTests/Info.plist;
				IPHONEOS_DEPLOYMENT_TARGET = 14.5;
				LD_RUNPATH_SEARCH_PATHS = (
					"$(inherited)",
					"@executable_path/Frameworks",
					"@loader_path/Frameworks",
				);
				PRODUCT_BUNDLE_IDENTIFIER = com.GuidomiaTests;
				PRODUCT_NAME = "$(TARGET_NAME)";
				SWIFT_VERSION = 5.0;
				TARGETED_DEVICE_FAMILY = "1,2";
				TEST_HOST = "$(BUILT_PRODUCTS_DIR)/Guidomia.app/Guidomia";
			};
			name = Release;
		};
/* End XCBuildConfiguration section */

/* Begin XCConfigurationList section */
		A76737C4270CA1BA000239FA /* Build configuration list for PBXProject "Guidomia" */ = {
			isa = XCConfigurationList;
			buildConfigurations = (
				A76737F4270CA1BB000239FA /* Debug */,
				A76737F5270CA1BB000239FA /* Release */,
			);
			defaultConfigurationIsVisible = 0;
			defaultConfigurationName = Release;
		};
		A76737F6270CA1BB000239FA /* Build configuration list for PBXNativeTarget "Guidomia" */ = {
			isa = XCConfigurationList;
			buildConfigurations = (
				A76737F7270CA1BB000239FA /* Debug */,
				A76737F8270CA1BB000239FA /* Release */,
			);
			defaultConfigurationIsVisible = 0;
			defaultConfigurationName = Release;
		};
		A76737F9270CA1BB000239FA /* Build configuration list for PBXNativeTarget "GuidomiaTests" */ = {
			isa = XCConfigurationList;
			buildConfigurations = (
				A76737FA270CA1BB000239FA /* Debug */,
				A76737FB270CA1BB000239FA /* Release */,
			);
			defaultConfigurationIsVisible = 0;
			defaultConfigurationName = Release;
		};
/* End XCConfigurationList section */

/* Begin XCVersionGroup section */
		A76737D5270CA1BA000239FA /* Guidomia.xcdatamodeld */ = {
			isa = XCVersionGroup;
			children = (
				A76737D6270CA1BA000239FA /* Guidomia.xcdatamodel */,
			);
			currentVersion = A76737D6270CA1BA000239FA /* Guidomia.xcdatamodel */;
			path = Guidomia.xcdatamodeld;
			sourceTree = "<group>";
			versionGroupType = wrapper.xcdatamodel;
		};
/* End XCVersionGroup section */
	};
	rootObject = A76737C1270CA1BA000239FA /* Project object */;
}
